
Microsoft Visual Studio Solution File, Format Version 12.00
# Visual Studio Version 16
VisualStudioVersion = 16.0.32126.315
MinimumVisualStudioVersion = 10.0.40219.1
Project("{FAE04EC0-301F-11D3-BF4B-00C04F79EFBC}") = "Pronia", "Pronia\Pronia.csproj", "{A6B6FD67-1328-4B8A-9A9A-D50F8861307D}"
EndProject
Global
	GlobalSection(SolutionConfigurationPlatforms) = preSolution
		Debug|Any CPU = Debug|Any CPU
		Release|Any CPU = Release|Any CPU
	EndGlobalSection
	GlobalSection(ProjectConfigurationPlatforms) = postSolution
		{A6B6FD67-1328-4B8A-9A9A-D50F8861307D}.Debug|Any CPU.ActiveCfg = Debug|Any CPU
		{A6B6FD67-1328-4B8A-9A9A-D50F8861307D}.Debug|Any CPU.Build.0 = Debug|Any CPU
		{A6B6FD67-1328-4B8A-9A9A-D50F8861307D}.Release|Any CPU.ActiveCfg = Release|Any CPU
		{A6B6FD67-1328-4B8A-9A9A-D50F8861307D}.Release|Any CPU.Build.0 = Release|Any CPU
	EndGlobalSection
	GlobalSection(SolutionProperties) = preSolution
		HideSolutionNode = FALSE
	EndGlobalSection
	GlobalSection(ExtensibilityGlobals) = postSolution
		SolutionGuid = {712C3598-B01A-4041-91E8-83A58BA971AC}
	EndGlobalSection
EndGlobal
